
Microsoft Visual Studio Solution File, Format Version 12.00
# Visual Studio Version 16
VisualStudioVersion = 16.0.32510.428
MinimumVisualStudioVersion = 10.0.40219.1
Project("{00D1A9C2-B5F0-4AF3-8072-F6C62B433612}") = "EpreuveAsp-ADO-Database", "EpreuveAsp-ADO-Database\EpreuveAsp-ADO-Database.sqlproj", "{6E1F5B23-A531-4AAD-B58F-9F3671632EF1}"
EndProject
Project("{9A19103F-16F7-4668-BE54-9A1E7A4F7556}") = "Exo-Travel-MVC", "Exo-Travel-MVC\Exo-Travel-MVC.csproj", "{9F792372-3D2F-453E-834B-ABEEC454D0B4}"
EndProject
Project("{9A19103F-16F7-4668-BE54-9A1E7A4F7556}") = "Exo-Travel-DAL", "Exo-Travel-DAL\Exo-Travel-DAL.csproj", "{DD86503C-D548-4897-AFE3-3038A9CB86D1}"
EndProject
Project("{9A19103F-16F7-4668-BE54-9A1E7A4F7556}") = "Exo-Travel-BLL", "Exo-Travel-BLL\Exo-Travel-BLL.csproj", "{66647778-D525-44BD-A37C-C3DF0894B44E}"
EndProject
Project("{FAE04EC0-301F-11D3-BF4B-00C04F79EFBC}") = "Exo-Travel-common", "Exo-Travel-common\Exo-Travel-common.csproj", "{B71EAB31-F508-42AF-86B2-6C900E816D1B}"
EndProject
Global
	GlobalSection(SolutionConfigurationPlatforms) = preSolution
		Debug|Any CPU = Debug|Any CPU
		Release|Any CPU = Release|Any CPU
	EndGlobalSection
	GlobalSection(ProjectConfigurationPlatforms) = postSolution
		{6E1F5B23-A531-4AAD-B58F-9F3671632EF1}.Debug|Any CPU.ActiveCfg = Debug|Any CPU
		{6E1F5B23-A531-4AAD-B58F-9F3671632EF1}.Debug|Any CPU.Build.0 = Debug|Any CPU
		{6E1F5B23-A531-4AAD-B58F-9F3671632EF1}.Debug|Any CPU.Deploy.0 = Debug|Any CPU
		{6E1F5B23-A531-4AAD-B58F-9F3671632EF1}.Release|Any CPU.ActiveCfg = Release|Any CPU
		{6E1F5B23-A531-4AAD-B58F-9F3671632EF1}.Release|Any CPU.Build.0 = Release|Any CPU
		{6E1F5B23-A531-4AAD-B58F-9F3671632EF1}.Release|Any CPU.Deploy.0 = Release|Any CPU
		{9F792372-3D2F-453E-834B-ABEEC454D0B4}.Debug|Any CPU.ActiveCfg = Debug|Any CPU
		{9F792372-3D2F-453E-834B-ABEEC454D0B4}.Debug|Any CPU.Build.0 = Debug|Any CPU
		{9F792372-3D2F-453E-834B-ABEEC454D0B4}.Release|Any CPU.ActiveCfg = Release|Any CPU
		{9F792372-3D2F-453E-834B-ABEEC454D0B4}.Release|Any CPU.Build.0 = Release|Any CPU
		{DD86503C-D548-4897-AFE3-3038A9CB86D1}.Debug|Any CPU.ActiveCfg = Debug|Any CPU
		{DD86503C-D548-4897-AFE3-3038A9CB86D1}.Debug|Any CPU.Build.0 = Debug|Any CPU
		{DD86503C-D548-4897-AFE3-3038A9CB86D1}.Release|Any CPU.ActiveCfg = Release|Any CPU
		{DD86503C-D548-4897-AFE3-3038A9CB86D1}.Release|Any CPU.Build.0 = Release|Any CPU
		{66647778-D525-44BD-A37C-C3DF0894B44E}.Debug|Any CPU.ActiveCfg = Debug|Any CPU
		{66647778-D525-44BD-A37C-C3DF0894B44E}.Debug|Any CPU.Build.0 = Debug|Any CPU
		{66647778-D525-44BD-A37C-C3DF0894B44E}.Release|Any CPU.ActiveCfg = Release|Any CPU
		{66647778-D525-44BD-A37C-C3DF0894B44E}.Release|Any CPU.Build.0 = Release|Any CPU
		{B71EAB31-F508-42AF-86B2-6C900E816D1B}.Debug|Any CPU.ActiveCfg = Debug|Any CPU
		{B71EAB31-F508-42AF-86B2-6C900E816D1B}.Debug|Any CPU.Build.0 = Debug|Any CPU
		{B71EAB31-F508-42AF-86B2-6C900E816D1B}.Release|Any CPU.ActiveCfg = Release|Any CPU
		{B71EAB31-F508-42AF-86B2-6C900E816D1B}.Release|Any CPU.Build.0 = Release|Any CPU
	EndGlobalSection
	GlobalSection(SolutionProperties) = preSolution
		HideSolutionNode = FALSE
	EndGlobalSection
	GlobalSection(ExtensibilityGlobals) = postSolution
		SolutionGuid = {8ACAECC2-B237-46A1-A9F9-FF3508823B2B}
	EndGlobalSection
EndGlobal
